// !$*UTF8*$!
{
	archiveVersion = 1;
	classes = {
	};
	objectVersion = 50;
	objects = {

/* Begin PBXBuildFile section */
		0171BADD23AE6691008286DE /* AppDelegate.swift in Sources */ = {isa = PBXBuildFile; fileRef = 0171BADC23AE6691008286DE /* AppDelegate.swift */; };
		0171BADF23AE6691008286DE /* SceneDelegate.swift in Sources */ = {isa = PBXBuildFile; fileRef = 0171BADE23AE6691008286DE /* SceneDelegate.swift */; };
		0171BAE123AE6691008286DE /* ViewController.swift in Sources */ = {isa = PBXBuildFile; fileRef = 0171BAE023AE6691008286DE /* ViewController.swift */; };
		0171BAE423AE6691008286DE /* Main.storyboard in Resources */ = {isa = PBXBuildFile; fileRef = 0171BAE223AE6691008286DE /* Main.storyboard */; };
		0171BAE623AE6698008286DE /* Assets.xcassets in Resources */ = {isa = PBXBuildFile; fileRef = 0171BAE523AE6698008286DE /* Assets.xcassets */; };
		0171BAE923AE6698008286DE /* LaunchScreen.storyboard in Resources */ = {isa = PBXBuildFile; fileRef = 0171BAE723AE6698008286DE /* LaunchScreen.storyboard */; };
		0171BAF423AE6699008286DE /* AutoLayoutTests.swift in Sources */ = {isa = PBXBuildFile; fileRef = 0171BAF323AE6699008286DE /* AutoLayoutTests.swift */; };
		0171BAFF23AE6699008286DE /* AutoLayoutUITests.swift in Sources */ = {isa = PBXBuildFile; fileRef = 0171BAFE23AE6699008286DE /* AutoLayoutUITests.swift */; };
/* End PBXBuildFile section */

/* Begin PBXContainerItemProxy section */
		0171BAF023AE6699008286DE /* PBXContainerItemProxy */ = {
			isa = PBXContainerItemProxy;
			containerPortal = 0171BAD123AE6691008286DE /* Project object */;
			proxyType = 1;
			remoteGlobalIDString = 0171BAD823AE6691008286DE;
			remoteInfo = AutoLayout;
		};
		0171BAFB23AE6699008286DE /* PBXContainerItemProxy */ = {
			isa = PBXContainerItemProxy;
			containerPortal = 0171BAD123AE6691008286DE /* Project object */;
			proxyType = 1;
			remoteGlobalIDString = 0171BAD823AE6691008286DE;
			remoteInfo = AutoLayout;
		};
/* End PBXContainerItemProxy section */

/* Begin PBXFileReference section */
		0171BAD923AE6691008286DE /* AutoLayout.app */ = {isa = PBXFileReference; explicitFileType = wrapper.application; includeInIndex = 0; path = AutoLayout.app; sourceTree = BUILT_PRODUCTS_DIR; };
		0171BADC23AE6691008286DE /* AppDelegate.swift */ = {isa = PBXFileReference; lastKnownFileType = sourcecode.swift; path = AppDelegate.swift; sourceTree = "<group>"; };
		0171BADE23AE6691008286DE /* SceneDelegate.swift */ = {isa = PBXFileReference; lastKnownFileType = sourcecode.swift; path = SceneDelegate.swift; sourceTree = "<group>"; };
		0171BAE023AE6691008286DE /* ViewController.swift */ = {isa = PBXFileReference; lastKnownFileType = sourcecode.swift; path = ViewController.swift; sourceTree = "<group>"; };
		0171BAE323AE6691008286DE /* Base */ = {isa = PBXFileReference; lastKnownFileType = file.storyboard; name = Base; path = Base.lproj/Main.storyboard; sourceTree = "<group>"; };
		0171BAE523AE6698008286DE /* Assets.xcassets */ = {isa = PBXFileReference; lastKnownFileType = folder.assetcatalog; path = Assets.xcassets; sourceTree = "<group>"; };
		0171BAE823AE6698008286DE /* Base */ = {isa = PBXFileReference; lastKnownFileType = file.storyboard; name = Base; path = Base.lproj/LaunchScreen.storyboard; sourceTree = "<group>"; };
		0171BAEA23AE6698008286DE /* Info.plist */ = {isa = PBXFileReference; lastKnownFileType = text.plist.xml; path = Info.plist; sourceTree = "<group>"; };
		0171BAEF23AE6699008286DE /* AutoLayoutTests.xctest */ = {isa = PBXFileReference; explicitFileType = wrapper.cfbundle; includeInIndex = 0; path = AutoLayoutTests.xctest; sourceTree = BUILT_PRODUCTS_DIR; };
		0171BAF323AE6699008286DE /* AutoLayoutTests.swift */ = {isa = PBXFileReference; lastKnownFileType = sourcecode.swift; path = AutoLayoutTests.swift; sourceTree = "<group>"; };
		0171BAF523AE6699008286DE /* Info.plist */ = {isa = PBXFileReference; lastKnownFileType = text.plist.xml; path = Info.plist; sourceTree = "<group>"; };
		0171BAFA23AE6699008286DE /* AutoLayoutUITests.xctest */ = {isa = PBXFileReference; explicitFileType = wrapper.cfbundle; includeInIndex = 0; path = AutoLayoutUITests.xctest; sourceTree = BUILT_PRODUCTS_DIR; };
		0171BAFE23AE6699008286DE /* AutoLayoutUITests.swift */ = {isa = PBXFileReference; lastKnownFileType = sourcecode.swift; path = AutoLayoutUITests.swift; sourceTree = "<group>"; };
		0171BB0023AE6699008286DE /* Info.plist */ = {isa = PBXFileReference; lastKnownFileType = text.plist.xml; path = Info.plist; sourceTree = "<group>"; };
/* End PBXFileReference section */

/* Begin PBXFrameworksBuildPhase section */
		0171BAD623AE6691008286DE /* Frameworks */ = {
			isa = PBXFrameworksBuildPhase;
			buildActionMask = 2147483647;
			files = (
			);
			runOnlyForDeploymentPostprocessing = 0;
		};
		0171BAEC23AE6699008286DE /* Frameworks */ = {
			isa = PBXFrameworksBuildPhase;
			buildActionMask = 2147483647;
			files = (
			);
			runOnlyForDeploymentPostprocessing = 0;
		};
		0171BAF723AE6699008286DE /* Frameworks */ = {
			isa = PBXFrameworksBuildPhase;
			buildActionMask = 2147483647;
			files = (
			);
			runOnlyForDeploymentPostprocessing = 0;
		};
/* End PBXFrameworksBuildPhase section */

/* Begin PBXGroup section */
		0171BAD023AE6691008286DE = {
			isa = PBXGroup;
			children = (
				0171BADB23AE6691008286DE /* AutoLayout */,
				0171BAF223AE6699008286DE /* AutoLayoutTests */,
				0171BAFD23AE6699008286DE /* AutoLayoutUITests */,
				0171BADA23AE6691008286DE /* Products */,
			);
			sourceTree = "<group>";
		};
		0171BADA23AE6691008286DE /* Products */ = {
			isa = PBXGroup;
			children = (
				0171BAD923AE6691008286DE /* AutoLayout.app */,
				0171BAEF23AE6699008286DE /* AutoLayoutTests.xctest */,
				0171BAFA23AE6699008286DE /* AutoLayoutUITests.xctest */,
			);
			name = Products;
			sourceTree = "<group>";
		};
		0171BADB23AE6691008286DE /* AutoLayout */ = {
			isa = PBXGroup;
			children = (
				0171BADC23AE6691008286DE /* AppDelegate.swift */,
				0171BADE23AE6691008286DE /* SceneDelegate.swift */,
				0171BAE023AE6691008286DE /* ViewController.swift */,
				0171BAE223AE6691008286DE /* Main.storyboard */,
				0171BAE523AE6698008286DE /* Assets.xcassets */,
				0171BAE723AE6698008286DE /* LaunchScreen.storyboard */,
				0171BAEA23AE6698008286DE /* Info.plist */,
			);
			path = AutoLayout;
			sourceTree = "<group>";
		};
		0171BAF223AE6699008286DE /* AutoLayoutTests */ = {
			isa = PBXGroup;
			children = (
				0171BAF323AE6699008286DE /* AutoLayoutTests.swift */,
				0171BAF523AE6699008286DE /* Info.plist */,
			);
			path = AutoLayoutTests;
			sourceTree = "<group>";
		};
		0171BAFD23AE6699008286DE /* AutoLayoutUITests */ = {
			isa = PBXGroup;
			children = (
				0171BAFE23AE6699008286DE /* AutoLayoutUITests.swift */,
				0171BB0023AE6699008286DE /* Info.plist */,
			);
			path = AutoLayoutUITests;
			sourceTree = "<group>";
		};
/* End PBXGroup section */

/* Begin PBXNativeTarget section */
		0171BAD823AE6691008286DE /* AutoLayout */ = {
			isa = PBXNativeTarget;
			buildConfigurationList = 0171BB0323AE6699008286DE /* Build configuration list for PBXNativeTarget "AutoLayout" */;
			buildPhases = (
				0171BAD523AE6691008286DE /* Sources */,
				0171BAD623AE6691008286DE /* Frameworks */,
				0171BAD723AE6691008286DE /* Resources */,
			);
			buildRules = (
			);
			dependencies = (
			);
			name = AutoLayout;
			productName = AutoLayout;
			productReference = 0171BAD923AE6691008286DE /* AutoLayout.app */;
			productType = "com.apple.product-type.application";
		};
		0171BAEE23AE6699008286DE /* AutoLayoutTests */ = {
			isa = PBXNativeTarget;
			buildConfigurationList = 0171BB0623AE6699008286DE /* Build configuration list for PBXNativeTarget "AutoLayoutTests" */;
			buildPhases = (
				0171BAEB23AE6699008286DE /* Sources */,
				0171BAEC23AE6699008286DE /* Frameworks */,
				0171BAED23AE6699008286DE /* Resources */,
			);
			buildRules = (
			);
			dependencies = (
				0171BAF123AE6699008286DE /* PBXTargetDependency */,
			);
			name = AutoLayoutTests;
			productName = AutoLayoutTests;
			productReference = 0171BAEF23AE6699008286DE /* AutoLayoutTests.xctest */;
			productType = "com.apple.product-type.bundle.unit-test";
		};
		0171BAF923AE6699008286DE /* AutoLayoutUITests */ = {
			isa = PBXNativeTarget;
			buildConfigurationList = 0171BB0923AE6699008286DE /* Build configuration list for PBXNativeTarget "AutoLayoutUITests" */;
			buildPhases = (
				0171BAF623AE6699008286DE /* Sources */,
				0171BAF723AE6699008286DE /* Frameworks */,
				0171BAF823AE6699008286DE /* Resources */,
			);
			buildRules = (
			);
			dependencies = (
				0171BAFC23AE6699008286DE /* PBXTargetDependency */,
			);
			name = AutoLayoutUITests;
			productName = AutoLayoutUITests;
			productReference = 0171BAFA23AE6699008286DE /* AutoLayoutUITests.xctest */;
			productType = "com.apple.product-type.bundle.ui-testing";
		};
/* End PBXNativeTarget section */

/* Begin PBXProject section */
		0171BAD123AE6691008286DE /* Project object */ = {
			isa = PBXProject;
			attributes = {
				LastSwiftUpdateCheck = 1130;
				LastUpgradeCheck = 1130;
				ORGANIZATIONNAME = "Arifeen Mahmud";
				TargetAttributes = {
					0171BAD823AE6691008286DE = {
						CreatedOnToolsVersion = 11.3;
					};
					0171BAEE23AE6699008286DE = {
						CreatedOnToolsVersion = 11.3;
						TestTargetID = 0171BAD823AE6691008286DE;
					};
					0171BAF923AE6699008286DE = {
						CreatedOnToolsVersion = 11.3;
						TestTargetID = 0171BAD823AE6691008286DE;
					};
				};
			};
			buildConfigurationList = 0171BAD423AE6691008286DE /* Build configuration list for PBXProject "AutoLayout" */;
			compatibilityVersion = "Xcode 9.3";
			developmentRegion = en;
			hasScannedForEncodings = 0;
			knownRegions = (
				en,
				Base,
			);
			mainGroup = 0171BAD023AE6691008286DE;
			productRefGroup = 0171BADA23AE6691008286DE /* Products */;
			projectDirPath = "";
			projectRoot = "";
			targets = (
				0171BAD823AE6691008286DE /* AutoLayout */,
				0171BAEE23AE6699008286DE /* AutoLayoutTests */,
				0171BAF923AE6699008286DE /* AutoLayoutUITests */,
			);
		};
/* End PBXProject section */

/* Begin PBXResourcesBuildPhase section */
		0171BAD723AE6691008286DE /* Resources */ = {
			isa = PBXResourcesBuildPhase;
			buildActionMask = 2147483647;
			files = (
				0171BAE923AE6698008286DE /* LaunchScreen.storyboard in Resources */,
				0171BAE623AE6698008286DE /* Assets.xcassets in Resources */,
				0171BAE423AE6691008286DE /* Main.storyboard in Resources */,
			);
			runOnlyForDeploymentPostprocessing = 0;
		};
		0171BAED23AE6699008286DE /* Resources */ = {
			isa = PBXResourcesBuildPhase;
			buildActionMask = 2147483647;
			files = (
			);
			runOnlyForDeploymentPostprocessing = 0;
		};
		0171BAF823AE6699008286DE /* Resources */ = {
			isa = PBXResourcesBuildPhase;
			buildActionMask = 2147483647;
			files = (
			);
			runOnlyForDeploymentPostprocessing = 0;
		};
/* End PBXResourcesBuildPhase section */

/* Begin PBXSourcesBuildPhase section */
		0171BAD523AE6691008286DE /* Sources */ = {
			isa = PBXSourcesBuildPhase;
			buildActionMask = 2147483647;
			files = (
				0171BAE123AE6691008286DE /* ViewController.swift in Sources */,
				0171BADD23AE6691008286DE /* AppDelegate.swift in Sources */,
				0171BADF23AE6691008286DE /* SceneDelegate.swift in Sources */,
			);
			runOnlyForDeploymentPostprocessing = 0;
		};
		0171BAEB23AE6699008286DE /* Sources */ = {
			isa = PBXSourcesBuildPhase;
			buildActionMask = 2147483647;
			files = (
				0171BAF423AE6699008286DE /* AutoLayoutTests.swift in Sources */,
			);
			runOnlyForDeploymentPostprocessing = 0;
		};
		0171BAF623AE6699008286DE /* Sources */ = {
			isa = PBXSourcesBuildPhase;
			buildActionMask = 2147483647;
			files = (
				0171BAFF23AE6699008286DE /* AutoLayoutUITests.swift in Sources */,
			);
			runOnlyForDeploymentPostprocessing = 0;
		};
/* End PBXSourcesBuildPhase section */

/* Begin PBXTargetDependency section */
		0171BAF123AE6699008286DE /* PBXTargetDependency */ = {
			isa = PBXTargetDependency;
			target = 0171BAD823AE6691008286DE /* AutoLayout */;
			targetProxy = 0171BAF023AE6699008286DE /* PBXContainerItemProxy */;
		};
		0171BAFC23AE6699008286DE /* PBXTargetDependency */ = {
			isa = PBXTargetDependency;
			target = 0171BAD823AE6691008286DE /* AutoLayout */;
			targetProxy = 0171BAFB23AE6699008286DE /* PBXContainerItemProxy */;
		};
/* End PBXTargetDependency section */

/* Begin PBXVariantGroup section */
		0171BAE223AE6691008286DE /* Main.storyboard */ = {
			isa = PBXVariantGroup;
			children = (
				0171BAE323AE6691008286DE /* Base */,
			);
			name = Main.storyboard;
			sourceTree = "<group>";
		};
		0171BAE723AE6698008286DE /* LaunchScreen.storyboard */ = {
			isa = PBXVariantGroup;
			children = (
				0171BAE823AE6698008286DE /* Base */,
			);
			name = LaunchScreen.storyboard;
			sourceTree = "<group>";
		};
/* End PBXVariantGroup section */

/* Begin XCBuildConfiguration section */
		0171BB0123AE6699008286DE /* Debug */ = {
			isa = XCBuildConfiguration;
			buildSettings = {
				ALWAYS_SEARCH_USER_PATHS = NO;
				CLANG_ANALYZER_NONNULL = YES;
				CLANG_ANALYZER_NUMBER_OBJECT_CONVERSION = YES_AGGRESSIVE;
				CLANG_CXX_LANGUAGE_STANDARD = "gnu++14";
				CLANG_CXX_LIBRARY = "libc++";
				CLANG_ENABLE_MODULES = YES;
				CLANG_ENABLE_OBJC_ARC = YES;
				CLANG_ENABLE_OBJC_WEAK = YES;
				CLANG_WARN_BLOCK_CAPTURE_AUTORELEASING = YES;
				CLANG_WARN_BOOL_CONVERSION = YES;
				CLANG_WARN_COMMA = YES;
				CLANG_WARN_CONSTANT_CONVERSION = YES;
				CLANG_WARN_DEPRECATED_OBJC_IMPLEMENTATIONS = YES;
				CLANG_WARN_DIRECT_OBJC_ISA_USAGE = YES_ERROR;
				CLANG_WARN_DOCUMENTATION_COMMENTS = YES;
				CLANG_WARN_EMPTY_BODY = YES;
				CLANG_WARN_ENUM_CONVERSION = YES;
				CLANG_WARN_INFINITE_RECURSION = YES;
				CLANG_WARN_INT_CONVERSION = YES;
				CLANG_WARN_NON_LITERAL_NULL_CONVERSION = YES;
				CLANG_WARN_OBJC_IMPLICIT_RETAIN_SELF = YES;
				CLANG_WARN_OBJC_LITERAL_CONVERSION = YES;
				CLANG_WARN_OBJC_ROOT_CLASS = YES_ERROR;
				CLANG_WARN_RANGE_LOOP_ANALYSIS = YES;
				CLANG_WARN_STRICT_PROTOTYPES = YES;
				CLANG_WARN_SUSPICIOUS_MOVE = YES;
				CLANG_WARN_UNGUARDED_AVAILABILITY = YES_AGGRESSIVE;
				CLANG_WARN_UNREACHABLE_CODE = YES;
				CLANG_WARN__DUPLICATE_METHOD_MATCH = YES;
				COPY_PHASE_STRIP = NO;
				DEBUG_INFORMATION_FORMAT = dwarf;
				ENABLE_STRICT_OBJC_MSGSEND = YES;
				ENABLE_TESTABILITY = YES;
				GCC_C_LANGUAGE_STANDARD = gnu11;
				GCC_DYNAMIC_NO_PIC = NO;
				GCC_NO_COMMON_BLOCKS = YES;
				GCC_OPTIMIZATION_LEVEL = 0;
				GCC_PREPROCESSOR_DEFINITIONS = (
					"DEBUG=1",
					"$(inherited)",
				);
				GCC_WARN_64_TO_32_BIT_CONVERSION = YES;
				GCC_WARN_ABOUT_RETURN_TYPE = YES_ERROR;
				GCC_WARN_UNDECLARED_SELECTOR = YES;
				GCC_WARN_UNINITIALIZED_AUTOS = YES_AGGRESSIVE;
				GCC_WARN_UNUSED_FUNCTION = YES;
				GCC_WARN_UNUSED_VARIABLE = YES;
				IPHONEOS_DEPLOYMENT_TARGET = 13.2;
				MTL_ENABLE_DEBUG_INFO = INCLUDE_SOURCE;
				MTL_FAST_MATH = YES;
				ONLY_ACTIVE_ARCH = YES;
				SDKROOT = iphoneos;
				SWIFT_ACTIVE_COMPILATION_CONDITIONS = DEBUG;
				SWIFT_OPTIMIZATION_LEVEL = "-Onone";
			};
			name = Debug;
		};
		0171BB0223AE6699008286DE /* Release */ = {
			isa = XCBuildConfiguration;
			buildSettings = {
				ALWAYS_SEARCH_USER_PATHS = NO;
				CLANG_ANALYZER_NONNULL = YES;
				CLANG_ANALYZER_NUMBER_OBJECT_CONVERSION = YES_AGGRESSIVE;
				CLANG_CXX_LANGUAGE_STANDARD = "gnu++14";
				CLANG_CXX_LIBRARY = "libc++";
				CLANG_ENABLE_MODULES = YES;
				CLANG_ENABLE_OBJC_ARC = YES;
				CLANG_ENABLE_OBJC_WEAK = YES;
				CLANG_WARN_BLOCK_CAPTURE_AUTORELEASING = YES;
				CLANG_WARN_BOOL_CONVERSION = YES;
				CLANG_WARN_COMMA = YES;
				CLANG_WARN_CONSTANT_CONVERSION = YES;
				CLANG_WARN_DEPRECATED_OBJC_IMPLEMENTATIONS = YES;
				CLANG_WARN_DIRECT_OBJC_ISA_USAGE = YES_ERROR;
				CLANG_WARN_DOCUMENTATION_COMMENTS = YES;
				CLANG_WARN_EMPTY_BODY = YES;
				CLANG_WARN_ENUM_CONVERSION = YES;
				CLANG_WARN_INFINITE_RECURSION = YES;
				CLANG_WARN_INT_CONVERSION = YES;
				CLANG_WARN_NON_LITERAL_NULL_CONVERSION = YES;
				CLANG_WARN_OBJC_IMPLICIT_RETAIN_SELF = YES;
				CLANG_WARN_OBJC_LITERAL_CONVERSION = YES;
				CLANG_WARN_OBJC_ROOT_CLASS = YES_ERROR;
				CLANG_WARN_RANGE_LOOP_ANALYSIS = YES;
				CLANG_WARN_STRICT_PROTOTYPES = YES;
				CLANG_WARN_SUSPICIOUS_MOVE = YES;
				CLANG_WARN_UNGUARDED_AVAILABILITY = YES_AGGRESSIVE;
				CLANG_WARN_UNREACHABLE_CODE = YES;
				CLANG_WARN__DUPLICATE_METHOD_MATCH = YES;
				COPY_PHASE_STRIP = NO;
				DEBUG_INFORMATION_FORMAT = "dwarf-with-dsym";
				ENABLE_NS_ASSERTIONS = NO;
				ENABLE_STRICT_OBJC_MSGSEND = YES;
				GCC_C_LANGUAGE_STANDARD = gnu11;
				GCC_NO_COMMON_BLOCKS = YES;
				GCC_WARN_64_TO_32_BIT_CONVERSION = YES;
				GCC_WARN_ABOUT_RETURN_TYPE = YES_ERROR;
				GCC_WARN_UNDECLARED_SELECTOR = YES;
				GCC_WARN_UNINITIALIZED_AUTOS = YES_AGGRESSIVE;
				GCC_WARN_UNUSED_FUNCTION = YES;
				GCC_WARN_UNUSED_VARIABLE = YES;
				IPHONEOS_DEPLOYMENT_TARGET = 13.2;
				MTL_ENABLE_DEBUG_INFO = NO;
				MTL_FAST_MATH = YES;
				SDKROOT = iphoneos;
				SWIFT_COMPILATION_MODE = wholemodule;
				SWIFT_OPTIMIZATION_LEVEL = "-O";
				VALIDATE_PRODUCT = YES;
			};
			name = Release;
		};
		0171BB0423AE6699008286DE /* Debug */ = {
			isa = XCBuildConfiguration;
			buildSettings = {
				ASSETCATALOG_COMPILER_APPICON_NAME = AppIcon;
				CODE_SIGN_STYLE = Automatic;
				INFOPLIST_FILE = AutoLayout/Info.plist;
				LD_RUNPATH_SEARCH_PATHS = (
					"$(inherited)",
					"@executable_path/Frameworks",
				);
				PRODUCT_BUNDLE_IDENTIFIER = arifeenmahmud.com.AutoLayout;
				PRODUCT_NAME = "$(TARGET_NAME)";
				SWIFT_VERSION = 5.0;
				TARGETED_DEVICE_FAMILY = "1,2";
			};
			name = Debug;
		};
		0171BB0523AE6699008286DE /* Release */ = {
			isa = XCBuildConfiguration;
			buildSettings = {
				ASSETCATALOG_COMPILER_APPICON_NAME = AppIcon;
				CODE_SIGN_STYLE = Automatic;
				INFOPLIST_FILE = AutoLayout/Info.plist;
				LD_RUNPATH_SEARCH_PATHS = (
					"$(inherited)",
					"@executable_path/Frameworks",
				);
				PRODUCT_BUNDLE_IDENTIFIER = arifeenmahmud.com.AutoLayout;
				PRODUCT_NAME = "$(TARGET_NAME)";
				SWIFT_VERSION = 5.0;
				TARGETED_DEVICE_FAMILY = "1,2";
			};
			name = Release;
		};
		0171BB0723AE6699008286DE /* Debug */ = {
			isa = XCBuildConfiguration;
			buildSettings = {
				ALWAYS_EMBED_SWIFT_STANDARD_LIBRARIES = YES;
				BUNDLE_LOADER = "$(TEST_HOST)";
				CODE_SIGN_STYLE = Automatic;
				INFOPLIST_FILE = AutoLayoutTests/Info.plist;
				IPHONEOS_DEPLOYMENT_TARGET = 13.2;
				LD_RUNPATH_SEARCH_PATHS = (
					"$(inherited)",
					"@executable_path/Frameworks",
					"@loader_path/Frameworks",
				);
				PRODUCT_BUNDLE_IDENTIFIER = arifeenmahmud.com.AutoLayoutTests;
				PRODUCT_NAME = "$(TARGET_NAME)";
				SWIFT_VERSION = 5.0;
				TARGETED_DEVICE_FAMILY = "1,2";
				TEST_HOST = "$(BUILT_PRODUCTS_DIR)/AutoLayout.app/AutoLayout";
			};
			name = Debug;
		};
		0171BB0823AE6699008286DE /* Release */ = {
			isa = XCBuildConfiguration;
			buildSettings = {
				ALWAYS_EMBED_SWIFT_STANDARD_LIBRARIES = YES;
				BUNDLE_LOADER = "$(TEST_HOST)";
				CODE_SIGN_STYLE = Automatic;
				INFOPLIST_FILE = AutoLayoutTests/Info.plist;
				IPHONEOS_DEPLOYMENT_TARGET = 13.2;
				LD_RUNPATH_SEARCH_PATHS = (
					"$(inherited)",
					"@executable_path/Frameworks",
					"@loader_path/Frameworks",
				);
				PRODUCT_BUNDLE_IDENTIFIER = arifeenmahmud.com.AutoLayoutTests;
				PRODUCT_NAME = "$(TARGET_NAME)";
				SWIFT_VERSION = 5.0;
				TARGETED_DEVICE_FAMILY = "1,2";
				TEST_HOST = "$(BUILT_PRODUCTS_DIR)/AutoLayout.app/AutoLayout";
			};
			name = Release;
		};
		0171BB0A23AE6699008286DE /* Debug */ = {
			isa = XCBuildConfiguration;
			buildSettings = {
				ALWAYS_EMBED_SWIFT_STANDARD_LIBRARIES = YES;
				CODE_SIGN_STYLE = Automatic;
				INFOPLIST_FILE = AutoLayoutUITests/Info.plist;
				LD_RUNPATH_SEARCH_PATHS = (
					"$(inherited)",
					"@executable_path/Frameworks",
					"@loader_path/Frameworks",
				);
				PRODUCT_BUNDLE_IDENTIFIER = arifeenmahmud.com.AutoLayoutUITests;
				PRODUCT_NAME = "$(TARGET_NAME)";
				SWIFT_VERSION = 5.0;
				TARGETED_DEVICE_FAMILY = "1,2";
				TEST_TARGET_NAME = AutoLayout;
			};
			name = Debug;
		};
		0171BB0B23AE6699008286DE /* Release */ = {
			isa = XCBuildConfiguration;
			buildSettings = {
				ALWAYS_EMBED_SWIFT_STANDARD_LIBRARIES = YES;
				CODE_SIGN_STYLE = Automatic;
				INFOPLIST_FILE = AutoLayoutUITests/Info.plist;
				LD_RUNPATH_SEARCH_PATHS = (
					"$(inherited)",
					"@executable_path/Frameworks",
					"@loader_path/Frameworks",
				);
				PRODUCT_BUNDLE_IDENTIFIER = arifeenmahmud.com.AutoLayoutUITests;
				PRODUCT_NAME = "$(TARGET_NAME)";
				SWIFT_VERSION = 5.0;
				TARGETED_DEVICE_FAMILY = "1,2";
				TEST_TARGET_NAME = AutoLayout;
			};
			name = Release;
		};
/* End XCBuildConfiguration section */

/* Begin XCConfigurationList section */
		0171BAD423AE6691008286DE /* Build configuration list for PBXProject "AutoLayout" */ = {
			isa = XCConfigurationList;
			buildConfigurations = (
				0171BB0123AE6699008286DE /* Debug */,
				0171BB0223AE6699008286DE /* Release */,
			);
			defaultConfigurationIsVisible = 0;
			defaultConfigurationName = Release;
		};
		0171BB0323AE6699008286DE /* Build configuration list for PBXNativeTarget "AutoLayout" */ = {
			isa = XCConfigurationList;
			buildConfigurations = (
				0171BB0423AE6699008286DE /* Debug */,
				0171BB0523AE6699008286DE /* Release */,
			);
			defaultConfigurationIsVisible = 0;
			defaultConfigurationName = Release;
		};
		0171BB0623AE6699008286DE /* Build configuration list for PBXNativeTarget "AutoLayoutTests" */ = {
			isa = XCConfigurationList;
			buildConfigurations = (
				0171BB0723AE6699008286DE /* Debug */,
				0171BB0823AE6699008286DE /* Release */,
			);
			defaultConfigurationIsVisible = 0;
			defaultConfigurationName = Release;
		};
		0171BB0923AE6699008286DE /* Build configuration list for PBXNativeTarget "AutoLayoutUITests" */ = {
			isa = XCConfigurationList;
			buildConfigurations = (
				0171BB0A23AE6699008286DE /* Debug */,
				0171BB0B23AE6699008286DE /* Release */,
			);
			defaultConfigurationIsVisible = 0;
			defaultConfigurationName = Release;
		};
/* End XCConfigurationList section */
	};
	rootObject = 0171BAD123AE6691008286DE /* Project object */;
}
